
Microsoft Visual Studio Solution File, Format Version 12.00
# Visual Studio 15
VisualStudioVersion = 15.0.28010.2046
MinimumVisualStudioVersion = 10.0.40219.1
Project("{FAE04EC0-301F-11D3-BF4B-00C04F79EFBC}") = "Question3", "Question3\Question3.csproj", "{273461E8-5D50-4E19-808E-179DBA235388}"
EndProject
Global
	GlobalSection(SolutionConfigurationPlatforms) = preSolution
		Debug|Any CPU = Debug|Any CPU
		Release|Any CPU = Release|Any CPU
	EndGlobalSection
	GlobalSection(ProjectConfigurationPlatforms) = postSolution
		{273461E8-5D50-4E19-808E-179DBA235388}.Debug|Any CPU.ActiveCfg = Debug|Any CPU
		{273461E8-5D50-4E19-808E-179DBA235388}.Debug|Any CPU.Build.0 = Debug|Any CPU
		{273461E8-5D50-4E19-808E-179DBA235388}.Release|Any CPU.ActiveCfg = Release|Any CPU
		{273461E8-5D50-4E19-808E-179DBA235388}.Release|Any CPU.Build.0 = Release|Any CPU
	EndGlobalSection
	GlobalSection(SolutionProperties) = preSolution
		HideSolutionNode = FALSE
	EndGlobalSection
	GlobalSection(ExtensibilityGlobals) = postSolution
		SolutionGuid = {978D3692-22B3-45FB-9BAE-AC47F09C8865}
	EndGlobalSection
EndGlobal
